
Microsoft Visual Studio Solution File, Format Version 12.00
# Visual Studio Version 17
VisualStudioVersion = 17.11.35219.272
MinimumVisualStudioVersion = 10.0.40219.1
Project("{FAE04EC0-301F-11D3-BF4B-00C04F79EFBC}") = "Ejercicio1", "Ejercicio1.csproj", "{3CEF9D9C-0716-441A-8AF4-9FB6364DBDE1}"
EndProject
Global
	GlobalSection(SolutionConfigurationPlatforms) = preSolution
		Debug|Any CPU = Debug|Any CPU
		Release|Any CPU = Release|Any CPU
	EndGlobalSection
	GlobalSection(ProjectConfigurationPlatforms) = postSolution
		{3CEF9D9C-0716-441A-8AF4-9FB6364DBDE1}.Debug|Any CPU.ActiveCfg = Debug|Any CPU
		{3CEF9D9C-0716-441A-8AF4-9FB6364DBDE1}.Debug|Any CPU.Build.0 = Debug|Any CPU
		{3CEF9D9C-0716-441A-8AF4-9FB6364DBDE1}.Release|Any CPU.ActiveCfg = Release|Any CPU
		{3CEF9D9C-0716-441A-8AF4-9FB6364DBDE1}.Release|Any CPU.Build.0 = Release|Any CPU
	EndGlobalSection
	GlobalSection(SolutionProperties) = preSolution
		HideSolutionNode = FALSE
	EndGlobalSection
	GlobalSection(ExtensibilityGlobals) = postSolution
		SolutionGuid = {D857D9CB-B263-4182-AF0D-D98562562CB2}
	EndGlobalSection
EndGlobal
