
Microsoft Visual Studio Solution File, Format Version 12.00
# Visual Studio Version 17
VisualStudioVersion = 17.11.35219.272
MinimumVisualStudioVersion = 10.0.40219.1
Project("{FAE04EC0-301F-11D3-BF4B-00C04F79EFBC}") = "Ejercicio2", "Ejercicio2.csproj", "{26EB569D-5E85-4BA5-A4AD-9D12EDFF9FD0}"
EndProject
Global
	GlobalSection(SolutionConfigurationPlatforms) = preSolution
		Debug|Any CPU = Debug|Any CPU
		Release|Any CPU = Release|Any CPU
	EndGlobalSection
	GlobalSection(ProjectConfigurationPlatforms) = postSolution
		{26EB569D-5E85-4BA5-A4AD-9D12EDFF9FD0}.Debug|Any CPU.ActiveCfg = Debug|Any CPU
		{26EB569D-5E85-4BA5-A4AD-9D12EDFF9FD0}.Debug|Any CPU.Build.0 = Debug|Any CPU
		{26EB569D-5E85-4BA5-A4AD-9D12EDFF9FD0}.Release|Any CPU.ActiveCfg = Release|Any CPU
		{26EB569D-5E85-4BA5-A4AD-9D12EDFF9FD0}.Release|Any CPU.Build.0 = Release|Any CPU
	EndGlobalSection
	GlobalSection(SolutionProperties) = preSolution
		HideSolutionNode = FALSE
	EndGlobalSection
	GlobalSection(ExtensibilityGlobals) = postSolution
		SolutionGuid = {E0BC10F9-C7A3-4F8F-92F0-E19876D76089}
	EndGlobalSection
EndGlobal
